
Microsoft Visual Studio Solution File, Format Version 12.00
# Visual Studio 15
VisualStudioVersion = 15.0.26730.16
MinimumVisualStudioVersion = 10.0.40219.1
Project("{2150E333-8FDC-42A3-9474-1A3956D46DE8}") = "src", "src", "{0A2BCD90-33D1-48F9-8B4E-C23AE3CAB83D}"
EndProject
Project("{2150E333-8FDC-42A3-9474-1A3956D46DE8}") = "Solution Items", "Solution Items", "{C1FFC071-C800-4199-B578-800E3B670DB1}"
EndProject
Project("{2150E333-8FDC-42A3-9474-1A3956D46DE8}") = "test", "test", "{B35FB47D-7103-41FD-B29F-0A723B194F76}"
EndProject
Project("{9A19103F-16F7-4668-BE54-9A1E7A4F7556}") = "AdventureWorksAPI", "src\AdventureWorksAPI\AdventureWorksAPI.csproj", "{0ABE816E-2511-47EE-8875-E7E9A43AEB5F}"
EndProject
Project("{9A19103F-16F7-4668-BE54-9A1E7A4F7556}") = "AdventureWorksAPI.Tests", "test\AdventureWorksAPI.Tests\AdventureWorksAPI.Tests.csproj", "{34C03A2A-886E-48A2-BCF2-8B0F800AECD2}"
EndProject
Project("{9A19103F-16F7-4668-BE54-9A1E7A4F7556}") = "AdventureWorksAPI.Core", "src\AdventureWorksAPI.Core\AdventureWorksAPI.Core.csproj", "{3C24E260-2340-499F-AD15-EF0FD4100569}"
EndProject
Project("{E53339B2-1760-4266-BCC7-CA923CBCF16C}") = "docker-compose", "docker-compose.dcproj", "{AA350931-CE8F-4EBE-B05F-B18DE813875B}"
EndProject
Global
	GlobalSection(SolutionConfigurationPlatforms) = preSolution
		Debug|Any CPU = Debug|Any CPU
		Release|Any CPU = Release|Any CPU
	EndGlobalSection
	GlobalSection(ProjectConfigurationPlatforms) = postSolution
		{0ABE816E-2511-47EE-8875-E7E9A43AEB5F}.Debug|Any CPU.ActiveCfg = Debug|Any CPU
		{0ABE816E-2511-47EE-8875-E7E9A43AEB5F}.Debug|Any CPU.Build.0 = Debug|Any CPU
		{0ABE816E-2511-47EE-8875-E7E9A43AEB5F}.Release|Any CPU.ActiveCfg = Release|Any CPU
		{0ABE816E-2511-47EE-8875-E7E9A43AEB5F}.Release|Any CPU.Build.0 = Release|Any CPU
		{34C03A2A-886E-48A2-BCF2-8B0F800AECD2}.Debug|Any CPU.ActiveCfg = Debug|Any CPU
		{34C03A2A-886E-48A2-BCF2-8B0F800AECD2}.Debug|Any CPU.Build.0 = Debug|Any CPU
		{34C03A2A-886E-48A2-BCF2-8B0F800AECD2}.Release|Any CPU.ActiveCfg = Release|Any CPU
		{34C03A2A-886E-48A2-BCF2-8B0F800AECD2}.Release|Any CPU.Build.0 = Release|Any CPU
		{3C24E260-2340-499F-AD15-EF0FD4100569}.Debug|Any CPU.ActiveCfg = Debug|Any CPU
		{3C24E260-2340-499F-AD15-EF0FD4100569}.Debug|Any CPU.Build.0 = Debug|Any CPU
		{3C24E260-2340-499F-AD15-EF0FD4100569}.Release|Any CPU.ActiveCfg = Release|Any CPU
		{3C24E260-2340-499F-AD15-EF0FD4100569}.Release|Any CPU.Build.0 = Release|Any CPU
		{AA350931-CE8F-4EBE-B05F-B18DE813875B}.Debug|Any CPU.ActiveCfg = Debug|Any CPU
		{AA350931-CE8F-4EBE-B05F-B18DE813875B}.Debug|Any CPU.Build.0 = Debug|Any CPU
		{AA350931-CE8F-4EBE-B05F-B18DE813875B}.Release|Any CPU.ActiveCfg = Release|Any CPU
		{AA350931-CE8F-4EBE-B05F-B18DE813875B}.Release|Any CPU.Build.0 = Release|Any CPU
	EndGlobalSection
	GlobalSection(SolutionProperties) = preSolution
		HideSolutionNode = FALSE
	EndGlobalSection
	GlobalSection(NestedProjects) = preSolution
		{0ABE816E-2511-47EE-8875-E7E9A43AEB5F} = {0A2BCD90-33D1-48F9-8B4E-C23AE3CAB83D}
		{34C03A2A-886E-48A2-BCF2-8B0F800AECD2} = {B35FB47D-7103-41FD-B29F-0A723B194F76}
		{3C24E260-2340-499F-AD15-EF0FD4100569} = {0A2BCD90-33D1-48F9-8B4E-C23AE3CAB83D}
	EndGlobalSection
	GlobalSection(ExtensibilityGlobals) = postSolution
		SolutionGuid = {28922818-7B6A-49FD-8A47-E18AFF52043C}
	EndGlobalSection
EndGlobal
